
Microsoft Visual Studio Solution File, Format Version 12.00
# Visual Studio Version 17
VisualStudioVersion = 17.0.31903.59
MinimumVisualStudioVersion = 10.0.40219.1
Project("{9A19103F-16F7-4668-BE54-9A1E7A4F7556}") = "UBlog", "UBlog\UBlog.csproj", "{8310DAB1-FDF1-4563-919C-0E29E794D931}"
EndProject
Project("{E53339B2-1760-4266-BCC7-CA923CBCF16C}") = "docker-compose", "docker-compose.dcproj", "{6CF0116C-10A7-4321-8121-7030EA32F732}"
EndProject
Project("{2150E333-8FDC-42A3-9474-1A3956D46DE8}") = "Solution Items", "Solution Items", "{AA29D426-9760-4CD4-AC02-5AB8D2F08BDA}"
	ProjectSection(SolutionItems) = preProject
		.editorconfig = .editorconfig
	EndProjectSection
EndProject
Global
	GlobalSection(SolutionConfigurationPlatforms) = preSolution
		Debug|Any CPU = Debug|Any CPU
		Release|Any CPU = Release|Any CPU
	EndGlobalSection
	GlobalSection(ProjectConfigurationPlatforms) = postSolution
		{8310DAB1-FDF1-4563-919C-0E29E794D931}.Debug|Any CPU.ActiveCfg = Debug|Any CPU
		{8310DAB1-FDF1-4563-919C-0E29E794D931}.Debug|Any CPU.Build.0 = Debug|Any CPU
		{8310DAB1-FDF1-4563-919C-0E29E794D931}.Release|Any CPU.ActiveCfg = Release|Any CPU
		{8310DAB1-FDF1-4563-919C-0E29E794D931}.Release|Any CPU.Build.0 = Release|Any CPU
		{6CF0116C-10A7-4321-8121-7030EA32F732}.Debug|Any CPU.ActiveCfg = Install|Any CPU
		{6CF0116C-10A7-4321-8121-7030EA32F732}.Debug|Any CPU.Build.0 = Install|Any CPU
		{6CF0116C-10A7-4321-8121-7030EA32F732}.Release|Any CPU.ActiveCfg = Install|Any CPU
		{6CF0116C-10A7-4321-8121-7030EA32F732}.Release|Any CPU.Build.0 = Install|Any CPU
	EndGlobalSection
	GlobalSection(SolutionProperties) = preSolution
		HideSolutionNode = FALSE
	EndGlobalSection
	GlobalSection(ExtensibilityGlobals) = postSolution
		SolutionGuid = {C6472C1F-4B90-4187-A26A-0A07EDA6F84A}
	EndGlobalSection
EndGlobal
